
Microsoft Visual Studio Solution File, Format Version 12.00
# Visual Studio 15
VisualStudioVersion = 15.0.27130.2020
MinimumVisualStudioVersion = 10.0.40219.1
Project("{FAE04EC0-301F-11D3-BF4B-00C04F79EFBC}") = "GUI", "GUI\GUI.csproj", "{FEC5BD8F-5745-4D49-8FE0-108E25D235C8}"
EndProject
Global
	GlobalSection(SolutionConfigurationPlatforms) = preSolution
		Debug|Any CPU = Debug|Any CPU
		Release|Any CPU = Release|Any CPU
	EndGlobalSection
	GlobalSection(ProjectConfigurationPlatforms) = postSolution
		{FEC5BD8F-5745-4D49-8FE0-108E25D235C8}.Debug|Any CPU.ActiveCfg = Debug|Any CPU
		{FEC5BD8F-5745-4D49-8FE0-108E25D235C8}.Debug|Any CPU.Build.0 = Debug|Any CPU
		{FEC5BD8F-5745-4D49-8FE0-108E25D235C8}.Release|Any CPU.ActiveCfg = Release|Any CPU
		{FEC5BD8F-5745-4D49-8FE0-108E25D235C8}.Release|Any CPU.Build.0 = Release|Any CPU
	EndGlobalSection
	GlobalSection(SolutionProperties) = preSolution
		HideSolutionNode = FALSE
	EndGlobalSection
	GlobalSection(ExtensibilityGlobals) = postSolution
		SolutionGuid = {0396159B-7630-4F36-B12D-B16540EE94FB}
	EndGlobalSection
EndGlobal
