
Microsoft Visual Studio Solution File, Format Version 12.00
# Visual Studio 15
VisualStudioVersion = 15.0.28307.168
MinimumVisualStudioVersion = 10.0.40219.1
Project("{2150E333-8FDC-42A3-9474-1A3956D46DE8}") = "src", "src", "{E3F7BEFD-5048-4056-A38D-F2A38C3CFE53}"
EndProject
Project("{FAE04EC0-301F-11D3-BF4B-00C04F79EFBC}") = "Smallify.GUI", "src\Smallify.GUI\Smallify.GUI.csproj", "{03065F69-11F8-423D-9E67-0259127D36AE}"
EndProject
Project("{FAE04EC0-301F-11D3-BF4B-00C04F79EFBC}") = "Smallify.Module.Player", "src\Smallify.Module.Player\Smallify.Module.Player.csproj", "{162BD37B-7BF9-43E0-AF85-2D8B9C5ABD1C}"
EndProject
Project("{FAE04EC0-301F-11D3-BF4B-00C04F79EFBC}") = "Smallify.Module.Core", "src\Smallify.Module.Core\Smallify.Module.Core.csproj", "{5F8C2791-3D5F-420F-9AB7-4874E2CB5C77}"
EndProject
Project("{FAE04EC0-301F-11D3-BF4B-00C04F79EFBC}") = "Smallify.Module.Notifications", "src\Smallify.Module.Notifications\Smallify.Module.Notifications.csproj", "{519018FC-B512-4CCF-AE34-809524E9DF85}"
EndProject
Project("{FAE04EC0-301F-11D3-BF4B-00C04F79EFBC}") = "Smallify.Module.Settings", "src\Smallify.Module.Settings\Smallify.Module.Settings.csproj", "{167A71C7-F26F-4B84-8BE8-78149BE03FA4}"
EndProject
Global
	GlobalSection(SolutionConfigurationPlatforms) = preSolution
		Debug|Any CPU = Debug|Any CPU
		Release|Any CPU = Release|Any CPU
	EndGlobalSection
	GlobalSection(ProjectConfigurationPlatforms) = postSolution
		{03065F69-11F8-423D-9E67-0259127D36AE}.Debug|Any CPU.ActiveCfg = Debug|Any CPU
		{03065F69-11F8-423D-9E67-0259127D36AE}.Debug|Any CPU.Build.0 = Debug|Any CPU
		{03065F69-11F8-423D-9E67-0259127D36AE}.Release|Any CPU.ActiveCfg = Release|Any CPU
		{03065F69-11F8-423D-9E67-0259127D36AE}.Release|Any CPU.Build.0 = Release|Any CPU
		{162BD37B-7BF9-43E0-AF85-2D8B9C5ABD1C}.Debug|Any CPU.ActiveCfg = Debug|Any CPU
		{162BD37B-7BF9-43E0-AF85-2D8B9C5ABD1C}.Debug|Any CPU.Build.0 = Debug|Any CPU
		{162BD37B-7BF9-43E0-AF85-2D8B9C5ABD1C}.Release|Any CPU.ActiveCfg = Release|Any CPU
		{162BD37B-7BF9-43E0-AF85-2D8B9C5ABD1C}.Release|Any CPU.Build.0 = Release|Any CPU
		{5F8C2791-3D5F-420F-9AB7-4874E2CB5C77}.Debug|Any CPU.ActiveCfg = Debug|Any CPU
		{5F8C2791-3D5F-420F-9AB7-4874E2CB5C77}.Debug|Any CPU.Build.0 = Debug|Any CPU
		{5F8C2791-3D5F-420F-9AB7-4874E2CB5C77}.Release|Any CPU.ActiveCfg = Release|Any CPU
		{5F8C2791-3D5F-420F-9AB7-4874E2CB5C77}.Release|Any CPU.Build.0 = Release|Any CPU
		{519018FC-B512-4CCF-AE34-809524E9DF85}.Debug|Any CPU.ActiveCfg = Debug|Any CPU
		{519018FC-B512-4CCF-AE34-809524E9DF85}.Debug|Any CPU.Build.0 = Debug|Any CPU
		{519018FC-B512-4CCF-AE34-809524E9DF85}.Release|Any CPU.ActiveCfg = Release|Any CPU
		{519018FC-B512-4CCF-AE34-809524E9DF85}.Release|Any CPU.Build.0 = Release|Any CPU
		{167A71C7-F26F-4B84-8BE8-78149BE03FA4}.Debug|Any CPU.ActiveCfg = Debug|Any CPU
		{167A71C7-F26F-4B84-8BE8-78149BE03FA4}.Debug|Any CPU.Build.0 = Debug|Any CPU
		{167A71C7-F26F-4B84-8BE8-78149BE03FA4}.Release|Any CPU.ActiveCfg = Release|Any CPU
		{167A71C7-F26F-4B84-8BE8-78149BE03FA4}.Release|Any CPU.Build.0 = Release|Any CPU
	EndGlobalSection
	GlobalSection(SolutionProperties) = preSolution
		HideSolutionNode = FALSE
	EndGlobalSection
	GlobalSection(NestedProjects) = preSolution
		{03065F69-11F8-423D-9E67-0259127D36AE} = {E3F7BEFD-5048-4056-A38D-F2A38C3CFE53}
		{162BD37B-7BF9-43E0-AF85-2D8B9C5ABD1C} = {E3F7BEFD-5048-4056-A38D-F2A38C3CFE53}
		{5F8C2791-3D5F-420F-9AB7-4874E2CB5C77} = {E3F7BEFD-5048-4056-A38D-F2A38C3CFE53}
		{519018FC-B512-4CCF-AE34-809524E9DF85} = {E3F7BEFD-5048-4056-A38D-F2A38C3CFE53}
		{167A71C7-F26F-4B84-8BE8-78149BE03FA4} = {E3F7BEFD-5048-4056-A38D-F2A38C3CFE53}
	EndGlobalSection
	GlobalSection(ExtensibilityGlobals) = postSolution
		SolutionGuid = {0F0DB0EE-6F81-4007-AF03-CB550E87ACB9}
	EndGlobalSection
EndGlobal
