
Microsoft Visual Studio Solution File, Format Version 12.00
# Visual Studio 15
VisualStudioVersion = 15.0.27130.2020
MinimumVisualStudioVersion = 10.0.40219.1
Project("{FAE04EC0-301F-11D3-BF4B-00C04F79EFBC}") = "GUI", "GUI\GUI.csproj", "{FEC5BD8F-5745-4D49-8FE0-108E25D235C8}"
EndProject
Project("{FAE04EC0-301F-11D3-BF4B-00C04F79EFBC}") = "GUI.Shared", "GUI.Shared\GUI.Shared.csproj", "{B6DBC431-3978-406D-A5FF-52B915D8E540}"
EndProject
Project("{FAE04EC0-301F-11D3-BF4B-00C04F79EFBC}") = "Player", "Player\Player.csproj", "{25D079E9-C1C8-4052-9C44-7C2E43AD5466}"
EndProject
Project("{FAE04EC0-301F-11D3-BF4B-00C04F79EFBC}") = "Updater", "Updater\Updater.csproj", "{E4EF2D10-CB27-483D-8E0F-A5415E689F7D}"
EndProject
Global
	GlobalSection(SolutionConfigurationPlatforms) = preSolution
		Debug|Any CPU = Debug|Any CPU
		Release|Any CPU = Release|Any CPU
	EndGlobalSection
	GlobalSection(ProjectConfigurationPlatforms) = postSolution
		{FEC5BD8F-5745-4D49-8FE0-108E25D235C8}.Debug|Any CPU.ActiveCfg = Debug|Any CPU
		{FEC5BD8F-5745-4D49-8FE0-108E25D235C8}.Debug|Any CPU.Build.0 = Debug|Any CPU
		{FEC5BD8F-5745-4D49-8FE0-108E25D235C8}.Release|Any CPU.ActiveCfg = Release|Any CPU
		{FEC5BD8F-5745-4D49-8FE0-108E25D235C8}.Release|Any CPU.Build.0 = Release|Any CPU
		{B6DBC431-3978-406D-A5FF-52B915D8E540}.Debug|Any CPU.ActiveCfg = Debug|Any CPU
		{B6DBC431-3978-406D-A5FF-52B915D8E540}.Debug|Any CPU.Build.0 = Debug|Any CPU
		{B6DBC431-3978-406D-A5FF-52B915D8E540}.Release|Any CPU.ActiveCfg = Release|Any CPU
		{B6DBC431-3978-406D-A5FF-52B915D8E540}.Release|Any CPU.Build.0 = Release|Any CPU
		{25D079E9-C1C8-4052-9C44-7C2E43AD5466}.Debug|Any CPU.ActiveCfg = Debug|Any CPU
		{25D079E9-C1C8-4052-9C44-7C2E43AD5466}.Debug|Any CPU.Build.0 = Debug|Any CPU
		{25D079E9-C1C8-4052-9C44-7C2E43AD5466}.Release|Any CPU.ActiveCfg = Release|Any CPU
		{25D079E9-C1C8-4052-9C44-7C2E43AD5466}.Release|Any CPU.Build.0 = Release|Any CPU
		{E4EF2D10-CB27-483D-8E0F-A5415E689F7D}.Debug|Any CPU.ActiveCfg = Debug|Any CPU
		{E4EF2D10-CB27-483D-8E0F-A5415E689F7D}.Debug|Any CPU.Build.0 = Debug|Any CPU
		{E4EF2D10-CB27-483D-8E0F-A5415E689F7D}.Release|Any CPU.ActiveCfg = Release|Any CPU
		{E4EF2D10-CB27-483D-8E0F-A5415E689F7D}.Release|Any CPU.Build.0 = Release|Any CPU
	EndGlobalSection
	GlobalSection(SolutionProperties) = preSolution
		HideSolutionNode = FALSE
	EndGlobalSection
	GlobalSection(ExtensibilityGlobals) = postSolution
		SolutionGuid = {0396159B-7630-4F36-B12D-B16540EE94FB}
	EndGlobalSection
EndGlobal
